
Microsoft Visual Studio Solution File, Format Version 12.00
# Visual Studio Version 16
VisualStudioVersion = 16.0.29020.237
MinimumVisualStudioVersion = 10.0.40219.1
Project("{9A19103F-16F7-4668-BE54-9A1E7A4F7556}") = "APITaxaJuros", "APITaxaJuros\APITaxaJuros.csproj", "{62711A47-D8DC-4A4F-ACC6-039FA41C81C0}"
EndProject
Project("{9A19103F-16F7-4668-BE54-9A1E7A4F7556}") = "CalculaJuros", "CalculaJuros\CalculaJuros.csproj", "{24BA4A44-D778-477A-B662-31989D760EA7}"
EndProject
Project("{9A19103F-16F7-4668-BE54-9A1E7A4F7556}") = "XUnitTestTaxaJuros", "XUnitTestTaxaJuros\XUnitTestTaxaJuros.csproj", "{383AEE4F-D669-4E5B-AFFC-F05BAEEBBA75}"
EndProject
Project("{9A19103F-16F7-4668-BE54-9A1E7A4F7556}") = "XUnitTestCalculaJuros", "XUnitTestCalculaJuros\XUnitTestCalculaJuros.csproj", "{151115BE-6120-4BF3-A211-363A8CD9E833}"
EndProject
Global
	GlobalSection(SolutionConfigurationPlatforms) = preSolution
		Debug|Any CPU = Debug|Any CPU
		Release|Any CPU = Release|Any CPU
	EndGlobalSection
	GlobalSection(ProjectConfigurationPlatforms) = postSolution
		{62711A47-D8DC-4A4F-ACC6-039FA41C81C0}.Debug|Any CPU.ActiveCfg = Debug|Any CPU
		{62711A47-D8DC-4A4F-ACC6-039FA41C81C0}.Debug|Any CPU.Build.0 = Debug|Any CPU
		{62711A47-D8DC-4A4F-ACC6-039FA41C81C0}.Release|Any CPU.ActiveCfg = Release|Any CPU
		{62711A47-D8DC-4A4F-ACC6-039FA41C81C0}.Release|Any CPU.Build.0 = Release|Any CPU
		{24BA4A44-D778-477A-B662-31989D760EA7}.Debug|Any CPU.ActiveCfg = Debug|Any CPU
		{24BA4A44-D778-477A-B662-31989D760EA7}.Debug|Any CPU.Build.0 = Debug|Any CPU
		{24BA4A44-D778-477A-B662-31989D760EA7}.Release|Any CPU.ActiveCfg = Release|Any CPU
		{24BA4A44-D778-477A-B662-31989D760EA7}.Release|Any CPU.Build.0 = Release|Any CPU
		{383AEE4F-D669-4E5B-AFFC-F05BAEEBBA75}.Debug|Any CPU.ActiveCfg = Debug|Any CPU
		{383AEE4F-D669-4E5B-AFFC-F05BAEEBBA75}.Debug|Any CPU.Build.0 = Debug|Any CPU
		{383AEE4F-D669-4E5B-AFFC-F05BAEEBBA75}.Release|Any CPU.ActiveCfg = Release|Any CPU
		{383AEE4F-D669-4E5B-AFFC-F05BAEEBBA75}.Release|Any CPU.Build.0 = Release|Any CPU
		{151115BE-6120-4BF3-A211-363A8CD9E833}.Debug|Any CPU.ActiveCfg = Debug|Any CPU
		{151115BE-6120-4BF3-A211-363A8CD9E833}.Debug|Any CPU.Build.0 = Debug|Any CPU
		{151115BE-6120-4BF3-A211-363A8CD9E833}.Release|Any CPU.ActiveCfg = Release|Any CPU
		{151115BE-6120-4BF3-A211-363A8CD9E833}.Release|Any CPU.Build.0 = Release|Any CPU
	EndGlobalSection
	GlobalSection(SolutionProperties) = preSolution
		HideSolutionNode = FALSE
	EndGlobalSection
	GlobalSection(ExtensibilityGlobals) = postSolution
		SolutionGuid = {7F8D5C35-C1AC-4EE8-8CFF-196E69BD8799}
	EndGlobalSection
EndGlobal
